
Microsoft Visual Studio Solution File, Format Version 12.00
# Visual Studio Version 17
VisualStudioVersion = 17.11.35327.3
MinimumVisualStudioVersion = 10.0.40219.1
Project("{9A19103F-16F7-4668-BE54-9A1E7A4F7556}") = "LearnCSharp", "LearnCSharp.csproj", "{6393F5D3-135B-40DA-9074-2C5D79AC2393}"
EndProject
Project("{9A19103F-16F7-4668-BE54-9A1E7A4F7556}") = "01_03_Primitive Types and Expressions", "..\03_Primitive Types and Expressions\01_03_Primitive Types and Expressions.csproj", "{9A23E9F0-0C1D-4A20-B7C1-B31BBC7C069F}"
EndProject
Project("{9A19103F-16F7-4668-BE54-9A1E7A4F7556}") = "01_04_Non-Primitive Types", "..\04_Non-Primitive Types\01_04_Non-Primitive Types.csproj", "{44F6E835-FCF1-4BF9-9878-20BE66ED7149}"
EndProject
Project("{9A19103F-16F7-4668-BE54-9A1E7A4F7556}") = "01_05_Control Flow", "..\05_Control Flow\01_05_Control Flow.csproj", "{2D5B7A5C-D455-4F04-8E29-F45BB9BD3103}"
EndProject
Project("{9A19103F-16F7-4668-BE54-9A1E7A4F7556}") = "01_06_Arrays and Lists", "..\01_06_Arrays and Lists\01_06_Arrays and Lists.csproj", "{231EDC98-4728-42D2-A992-1F6377D781EB}"
EndProject
Project("{9A19103F-16F7-4668-BE54-9A1E7A4F7556}") = "01_07_Working With Dates", "..\01_07_Working With Dates\01_07_Working With Dates.csproj", "{AB1112EF-959D-489C-AA15-B82751CA279A}"
EndProject
Project("{9A19103F-16F7-4668-BE54-9A1E7A4F7556}") = "01_08_Working With Text", "..\01_08_Working With Text\01_08_Working With Text.csproj", "{B3FD536C-BDE4-4670-8D67-D41014FDDAD4}"
EndProject
Project("{9A19103F-16F7-4668-BE54-9A1E7A4F7556}") = "01_09_Working With Files", "..\01_09_Working With Files\01_09_Working With Files.csproj", "{3E0235AA-4631-48EE-BE8A-85A02F1AB9A3}"
EndProject
Project("{9A19103F-16F7-4668-BE54-9A1E7A4F7556}") = "01_10_Debugging Applications", "..\01_10_Debugging Applications\01_10_Debugging Applications.csproj", "{B0141E53-7D40-41E7-B4BC-4A951768C65A}"
EndProject
Project("{2150E333-8FDC-42A3-9474-1A3956D46DE8}") = "02 OOP", "02 OOP", "{35438586-F152-4C2D-8CDE-F22DE54E9F6E}"
EndProject
Project("{9A19103F-16F7-4668-BE54-9A1E7A4F7556}") = "02 Classes", "..\02. C# Intermediate Classes, Interfaces & OOP\02 Classes\02 Classes.csproj", "{ECD2BE94-CFC1-4DF3-B4C0-386D37C805CF}"
EndProject
Project("{9A19103F-16F7-4668-BE54-9A1E7A4F7556}") = "03 Association Between Classes", "..\02. C# Intermediate Classes, Interfaces & OOP\03 Association Between Classes\03 Association Between Classes.csproj", "{59DC0390-F8B9-4A6E-B165-50DD52BF231B}"
EndProject
Project("{9A19103F-16F7-4668-BE54-9A1E7A4F7556}") = "04 Inheritance", "..\02. C# Intermediate Classes, Interfaces & OOP\04 Inheritance\04 Inheritance.csproj", "{85431214-6426-44A5-9E22-36594194ECAE}"
EndProject
Project("{9A19103F-16F7-4668-BE54-9A1E7A4F7556}") = "05 Polymorphism", "..\02. C# Intermediate Classes, Interfaces & OOP\05 Polymorphism\05 Polymorphism.csproj", "{CEDABBE4-8753-46A6-8568-112594622CF8}"
EndProject
Project("{9A19103F-16F7-4668-BE54-9A1E7A4F7556}") = "06 Interfaces", "..\02. C# Intermediate Classes, Interfaces & OOP\06 Interfaces\06 Interfaces.csproj", "{8D5FC32F-9279-4FCB-827B-ADECD70E55E5}"
EndProject
Project("{9A19103F-16F7-4668-BE54-9A1E7A4F7556}") = "08 Bonus", "..\02. C# Intermediate Classes, Interfaces & OOP\08 Bonus\08 Bonus.csproj", "{8E670E38-2453-4AB2-A98D-6B3221D69B05}"
EndProject
Project("{2150E333-8FDC-42A3-9474-1A3956D46DE8}") = "03 C# Advanced Topics", "03 C# Advanced Topics", "{74E87030-901D-4858-AE6E-C5004FDBFB17}"
EndProject
Project("{9A19103F-16F7-4668-BE54-9A1E7A4F7556}") = "Generics", "..\03. C# Advanced Topics\Generics\Generics.csproj", "{A878248D-0BDB-4249-A423-DADCC0C9681A}"
EndProject
Project("{9A19103F-16F7-4668-BE54-9A1E7A4F7556}") = "Delegates", "..\03. C# Advanced Topics\Delegates\Delegates.csproj", "{65AF06CA-BAB3-42F2-92F3-83BBED4547C0}"
EndProject
Project("{9A19103F-16F7-4668-BE54-9A1E7A4F7556}") = "LamdaExpressions", "..\03. C# Advanced Topics\LamdaExpressions\LamdaExpressions.csproj", "{7953F4C4-09B5-472A-954C-8750B179A3C9}"
EndProject
Project("{9A19103F-16F7-4668-BE54-9A1E7A4F7556}") = "Events", "..\03. C# Advanced Topics\Events\Events.csproj", "{C2707D11-ECB6-44EB-B54C-EB79F2F83EC8}"
EndProject
Project("{9A19103F-16F7-4668-BE54-9A1E7A4F7556}") = "ExtensionMethods", "..\03. C# Advanced Topics\ExtensionMethods\ExtensionMethods.csproj", "{5D9F6E7D-89F6-401F-9082-10769DF7A49E}"
EndProject
Project("{9A19103F-16F7-4668-BE54-9A1E7A4F7556}") = "LINQ", "..\03. C# Advanced Topics\LINQ\LINQ.csproj", "{3A85D5B6-045B-40FF-8B87-BB9A832AF325}"
EndProject
Project("{9A19103F-16F7-4668-BE54-9A1E7A4F7556}") = "NullableTypes", "..\03. C# Advanced Topics\NullableTypes\NullableTypes.csproj", "{C5DD5913-E5DD-41C7-839E-E2982FDA23A5}"
EndProject
Project("{FAE04EC0-301F-11D3-BF4B-00C04F79EFBC}") = "Dynamic", "..\03. C# Advanced Topics\Dynamic\Dynamic.csproj", "{A3EF8DEB-C378-4EBA-8281-25351F4C781F}"
EndProject
Project("{FAE04EC0-301F-11D3-BF4B-00C04F79EFBC}") = "ExceptionHandling", "..\03. C# Advanced Topics\ExceptionHandling\ExceptionHandling.csproj", "{AB7F4E9C-8AD6-4534-A02A-778A08E1358E}"
EndProject
Project("{FAE04EC0-301F-11D3-BF4B-00C04F79EFBC}") = "Asynchronous Programming With Async  Await", "..\03. C# Advanced Topics\Asynchronous Programming With Async  Await\Asynchronous Programming With Async  Await.csproj", "{868F9DDE-37EB-4357-84CD-C77AC3F5DF7D}"
EndProject
Global
	GlobalSection(SolutionConfigurationPlatforms) = preSolution
		Debug|Any CPU = Debug|Any CPU
		Release|Any CPU = Release|Any CPU
	EndGlobalSection
	GlobalSection(ProjectConfigurationPlatforms) = postSolution
		{6393F5D3-135B-40DA-9074-2C5D79AC2393}.Debug|Any CPU.ActiveCfg = Debug|Any CPU
		{6393F5D3-135B-40DA-9074-2C5D79AC2393}.Debug|Any CPU.Build.0 = Debug|Any CPU
		{6393F5D3-135B-40DA-9074-2C5D79AC2393}.Release|Any CPU.ActiveCfg = Release|Any CPU
		{6393F5D3-135B-40DA-9074-2C5D79AC2393}.Release|Any CPU.Build.0 = Release|Any CPU
		{9A23E9F0-0C1D-4A20-B7C1-B31BBC7C069F}.Debug|Any CPU.ActiveCfg = Debug|Any CPU
		{9A23E9F0-0C1D-4A20-B7C1-B31BBC7C069F}.Debug|Any CPU.Build.0 = Debug|Any CPU
		{9A23E9F0-0C1D-4A20-B7C1-B31BBC7C069F}.Release|Any CPU.ActiveCfg = Release|Any CPU
		{9A23E9F0-0C1D-4A20-B7C1-B31BBC7C069F}.Release|Any CPU.Build.0 = Release|Any CPU
		{44F6E835-FCF1-4BF9-9878-20BE66ED7149}.Debug|Any CPU.ActiveCfg = Debug|Any CPU
		{44F6E835-FCF1-4BF9-9878-20BE66ED7149}.Debug|Any CPU.Build.0 = Debug|Any CPU
		{44F6E835-FCF1-4BF9-9878-20BE66ED7149}.Release|Any CPU.ActiveCfg = Release|Any CPU
		{44F6E835-FCF1-4BF9-9878-20BE66ED7149}.Release|Any CPU.Build.0 = Release|Any CPU
		{2D5B7A5C-D455-4F04-8E29-F45BB9BD3103}.Debug|Any CPU.ActiveCfg = Debug|Any CPU
		{2D5B7A5C-D455-4F04-8E29-F45BB9BD3103}.Debug|Any CPU.Build.0 = Debug|Any CPU
		{2D5B7A5C-D455-4F04-8E29-F45BB9BD3103}.Release|Any CPU.ActiveCfg = Release|Any CPU
		{2D5B7A5C-D455-4F04-8E29-F45BB9BD3103}.Release|Any CPU.Build.0 = Release|Any CPU
		{231EDC98-4728-42D2-A992-1F6377D781EB}.Debug|Any CPU.ActiveCfg = Debug|Any CPU
		{231EDC98-4728-42D2-A992-1F6377D781EB}.Debug|Any CPU.Build.0 = Debug|Any CPU
		{231EDC98-4728-42D2-A992-1F6377D781EB}.Release|Any CPU.ActiveCfg = Release|Any CPU
		{231EDC98-4728-42D2-A992-1F6377D781EB}.Release|Any CPU.Build.0 = Release|Any CPU
		{AB1112EF-959D-489C-AA15-B82751CA279A}.Debug|Any CPU.ActiveCfg = Debug|Any CPU
		{AB1112EF-959D-489C-AA15-B82751CA279A}.Debug|Any CPU.Build.0 = Debug|Any CPU
		{AB1112EF-959D-489C-AA15-B82751CA279A}.Release|Any CPU.ActiveCfg = Release|Any CPU
		{AB1112EF-959D-489C-AA15-B82751CA279A}.Release|Any CPU.Build.0 = Release|Any CPU
		{B3FD536C-BDE4-4670-8D67-D41014FDDAD4}.Debug|Any CPU.ActiveCfg = Debug|Any CPU
		{B3FD536C-BDE4-4670-8D67-D41014FDDAD4}.Debug|Any CPU.Build.0 = Debug|Any CPU
		{B3FD536C-BDE4-4670-8D67-D41014FDDAD4}.Release|Any CPU.ActiveCfg = Release|Any CPU
		{B3FD536C-BDE4-4670-8D67-D41014FDDAD4}.Release|Any CPU.Build.0 = Release|Any CPU
		{3E0235AA-4631-48EE-BE8A-85A02F1AB9A3}.Debug|Any CPU.ActiveCfg = Debug|Any CPU
		{3E0235AA-4631-48EE-BE8A-85A02F1AB9A3}.Debug|Any CPU.Build.0 = Debug|Any CPU
		{3E0235AA-4631-48EE-BE8A-85A02F1AB9A3}.Release|Any CPU.ActiveCfg = Release|Any CPU
		{3E0235AA-4631-48EE-BE8A-85A02F1AB9A3}.Release|Any CPU.Build.0 = Release|Any CPU
		{B0141E53-7D40-41E7-B4BC-4A951768C65A}.Debug|Any CPU.ActiveCfg = Debug|Any CPU
		{B0141E53-7D40-41E7-B4BC-4A951768C65A}.Debug|Any CPU.Build.0 = Debug|Any CPU
		{B0141E53-7D40-41E7-B4BC-4A951768C65A}.Release|Any CPU.ActiveCfg = Release|Any CPU
		{B0141E53-7D40-41E7-B4BC-4A951768C65A}.Release|Any CPU.Build.0 = Release|Any CPU
		{ECD2BE94-CFC1-4DF3-B4C0-386D37C805CF}.Debug|Any CPU.ActiveCfg = Debug|Any CPU
		{ECD2BE94-CFC1-4DF3-B4C0-386D37C805CF}.Debug|Any CPU.Build.0 = Debug|Any CPU
		{ECD2BE94-CFC1-4DF3-B4C0-386D37C805CF}.Release|Any CPU.ActiveCfg = Release|Any CPU
		{ECD2BE94-CFC1-4DF3-B4C0-386D37C805CF}.Release|Any CPU.Build.0 = Release|Any CPU
		{59DC0390-F8B9-4A6E-B165-50DD52BF231B}.Debug|Any CPU.ActiveCfg = Debug|Any CPU
		{59DC0390-F8B9-4A6E-B165-50DD52BF231B}.Debug|Any CPU.Build.0 = Debug|Any CPU
		{59DC0390-F8B9-4A6E-B165-50DD52BF231B}.Release|Any CPU.ActiveCfg = Release|Any CPU
		{59DC0390-F8B9-4A6E-B165-50DD52BF231B}.Release|Any CPU.Build.0 = Release|Any CPU
		{85431214-6426-44A5-9E22-36594194ECAE}.Debug|Any CPU.ActiveCfg = Debug|Any CPU
		{85431214-6426-44A5-9E22-36594194ECAE}.Debug|Any CPU.Build.0 = Debug|Any CPU
		{85431214-6426-44A5-9E22-36594194ECAE}.Release|Any CPU.ActiveCfg = Release|Any CPU
		{85431214-6426-44A5-9E22-36594194ECAE}.Release|Any CPU.Build.0 = Release|Any CPU
		{CEDABBE4-8753-46A6-8568-112594622CF8}.Debug|Any CPU.ActiveCfg = Debug|Any CPU
		{CEDABBE4-8753-46A6-8568-112594622CF8}.Debug|Any CPU.Build.0 = Debug|Any CPU
		{CEDABBE4-8753-46A6-8568-112594622CF8}.Release|Any CPU.ActiveCfg = Release|Any CPU
		{CEDABBE4-8753-46A6-8568-112594622CF8}.Release|Any CPU.Build.0 = Release|Any CPU
		{8D5FC32F-9279-4FCB-827B-ADECD70E55E5}.Debug|Any CPU.ActiveCfg = Debug|Any CPU
		{8D5FC32F-9279-4FCB-827B-ADECD70E55E5}.Debug|Any CPU.Build.0 = Debug|Any CPU
		{8D5FC32F-9279-4FCB-827B-ADECD70E55E5}.Release|Any CPU.ActiveCfg = Release|Any CPU
		{8D5FC32F-9279-4FCB-827B-ADECD70E55E5}.Release|Any CPU.Build.0 = Release|Any CPU
		{8E670E38-2453-4AB2-A98D-6B3221D69B05}.Debug|Any CPU.ActiveCfg = Debug|Any CPU
		{8E670E38-2453-4AB2-A98D-6B3221D69B05}.Debug|Any CPU.Build.0 = Debug|Any CPU
		{8E670E38-2453-4AB2-A98D-6B3221D69B05}.Release|Any CPU.ActiveCfg = Release|Any CPU
		{8E670E38-2453-4AB2-A98D-6B3221D69B05}.Release|Any CPU.Build.0 = Release|Any CPU
		{A878248D-0BDB-4249-A423-DADCC0C9681A}.Debug|Any CPU.ActiveCfg = Debug|Any CPU
		{A878248D-0BDB-4249-A423-DADCC0C9681A}.Debug|Any CPU.Build.0 = Debug|Any CPU
		{A878248D-0BDB-4249-A423-DADCC0C9681A}.Release|Any CPU.ActiveCfg = Release|Any CPU
		{A878248D-0BDB-4249-A423-DADCC0C9681A}.Release|Any CPU.Build.0 = Release|Any CPU
		{65AF06CA-BAB3-42F2-92F3-83BBED4547C0}.Debug|Any CPU.ActiveCfg = Debug|Any CPU
		{65AF06CA-BAB3-42F2-92F3-83BBED4547C0}.Debug|Any CPU.Build.0 = Debug|Any CPU
		{65AF06CA-BAB3-42F2-92F3-83BBED4547C0}.Release|Any CPU.ActiveCfg = Release|Any CPU
		{65AF06CA-BAB3-42F2-92F3-83BBED4547C0}.Release|Any CPU.Build.0 = Release|Any CPU
		{7953F4C4-09B5-472A-954C-8750B179A3C9}.Debug|Any CPU.ActiveCfg = Debug|Any CPU
		{7953F4C4-09B5-472A-954C-8750B179A3C9}.Debug|Any CPU.Build.0 = Debug|Any CPU
		{7953F4C4-09B5-472A-954C-8750B179A3C9}.Release|Any CPU.ActiveCfg = Release|Any CPU
		{7953F4C4-09B5-472A-954C-8750B179A3C9}.Release|Any CPU.Build.0 = Release|Any CPU
		{C2707D11-ECB6-44EB-B54C-EB79F2F83EC8}.Debug|Any CPU.ActiveCfg = Debug|Any CPU
		{C2707D11-ECB6-44EB-B54C-EB79F2F83EC8}.Debug|Any CPU.Build.0 = Debug|Any CPU
		{C2707D11-ECB6-44EB-B54C-EB79F2F83EC8}.Release|Any CPU.ActiveCfg = Release|Any CPU
		{C2707D11-ECB6-44EB-B54C-EB79F2F83EC8}.Release|Any CPU.Build.0 = Release|Any CPU
		{5D9F6E7D-89F6-401F-9082-10769DF7A49E}.Debug|Any CPU.ActiveCfg = Debug|Any CPU
		{5D9F6E7D-89F6-401F-9082-10769DF7A49E}.Debug|Any CPU.Build.0 = Debug|Any CPU
		{5D9F6E7D-89F6-401F-9082-10769DF7A49E}.Release|Any CPU.ActiveCfg = Release|Any CPU
		{5D9F6E7D-89F6-401F-9082-10769DF7A49E}.Release|Any CPU.Build.0 = Release|Any CPU
		{3A85D5B6-045B-40FF-8B87-BB9A832AF325}.Debug|Any CPU.ActiveCfg = Debug|Any CPU
		{3A85D5B6-045B-40FF-8B87-BB9A832AF325}.Debug|Any CPU.Build.0 = Debug|Any CPU
		{3A85D5B6-045B-40FF-8B87-BB9A832AF325}.Release|Any CPU.ActiveCfg = Release|Any CPU
		{3A85D5B6-045B-40FF-8B87-BB9A832AF325}.Release|Any CPU.Build.0 = Release|Any CPU
		{C5DD5913-E5DD-41C7-839E-E2982FDA23A5}.Debug|Any CPU.ActiveCfg = Debug|Any CPU
		{C5DD5913-E5DD-41C7-839E-E2982FDA23A5}.Debug|Any CPU.Build.0 = Debug|Any CPU
		{C5DD5913-E5DD-41C7-839E-E2982FDA23A5}.Release|Any CPU.ActiveCfg = Release|Any CPU
		{C5DD5913-E5DD-41C7-839E-E2982FDA23A5}.Release|Any CPU.Build.0 = Release|Any CPU
		{A3EF8DEB-C378-4EBA-8281-25351F4C781F}.Debug|Any CPU.ActiveCfg = Debug|Any CPU
		{A3EF8DEB-C378-4EBA-8281-25351F4C781F}.Debug|Any CPU.Build.0 = Debug|Any CPU
		{A3EF8DEB-C378-4EBA-8281-25351F4C781F}.Release|Any CPU.ActiveCfg = Release|Any CPU
		{A3EF8DEB-C378-4EBA-8281-25351F4C781F}.Release|Any CPU.Build.0 = Release|Any CPU
		{AB7F4E9C-8AD6-4534-A02A-778A08E1358E}.Debug|Any CPU.ActiveCfg = Debug|Any CPU
		{AB7F4E9C-8AD6-4534-A02A-778A08E1358E}.Debug|Any CPU.Build.0 = Debug|Any CPU
		{AB7F4E9C-8AD6-4534-A02A-778A08E1358E}.Release|Any CPU.ActiveCfg = Release|Any CPU
		{AB7F4E9C-8AD6-4534-A02A-778A08E1358E}.Release|Any CPU.Build.0 = Release|Any CPU
		{868F9DDE-37EB-4357-84CD-C77AC3F5DF7D}.Debug|Any CPU.ActiveCfg = Debug|Any CPU
		{868F9DDE-37EB-4357-84CD-C77AC3F5DF7D}.Debug|Any CPU.Build.0 = Debug|Any CPU
		{868F9DDE-37EB-4357-84CD-C77AC3F5DF7D}.Release|Any CPU.ActiveCfg = Release|Any CPU
		{868F9DDE-37EB-4357-84CD-C77AC3F5DF7D}.Release|Any CPU.Build.0 = Release|Any CPU
	EndGlobalSection
	GlobalSection(SolutionProperties) = preSolution
		HideSolutionNode = FALSE
	EndGlobalSection
	GlobalSection(NestedProjects) = preSolution
		{ECD2BE94-CFC1-4DF3-B4C0-386D37C805CF} = {35438586-F152-4C2D-8CDE-F22DE54E9F6E}
		{59DC0390-F8B9-4A6E-B165-50DD52BF231B} = {35438586-F152-4C2D-8CDE-F22DE54E9F6E}
		{85431214-6426-44A5-9E22-36594194ECAE} = {35438586-F152-4C2D-8CDE-F22DE54E9F6E}
		{CEDABBE4-8753-46A6-8568-112594622CF8} = {35438586-F152-4C2D-8CDE-F22DE54E9F6E}
		{8D5FC32F-9279-4FCB-827B-ADECD70E55E5} = {35438586-F152-4C2D-8CDE-F22DE54E9F6E}
		{8E670E38-2453-4AB2-A98D-6B3221D69B05} = {35438586-F152-4C2D-8CDE-F22DE54E9F6E}
		{A878248D-0BDB-4249-A423-DADCC0C9681A} = {74E87030-901D-4858-AE6E-C5004FDBFB17}
		{65AF06CA-BAB3-42F2-92F3-83BBED4547C0} = {74E87030-901D-4858-AE6E-C5004FDBFB17}
		{7953F4C4-09B5-472A-954C-8750B179A3C9} = {74E87030-901D-4858-AE6E-C5004FDBFB17}
		{C2707D11-ECB6-44EB-B54C-EB79F2F83EC8} = {74E87030-901D-4858-AE6E-C5004FDBFB17}
		{5D9F6E7D-89F6-401F-9082-10769DF7A49E} = {74E87030-901D-4858-AE6E-C5004FDBFB17}
		{3A85D5B6-045B-40FF-8B87-BB9A832AF325} = {74E87030-901D-4858-AE6E-C5004FDBFB17}
		{C5DD5913-E5DD-41C7-839E-E2982FDA23A5} = {74E87030-901D-4858-AE6E-C5004FDBFB17}
		{A3EF8DEB-C378-4EBA-8281-25351F4C781F} = {74E87030-901D-4858-AE6E-C5004FDBFB17}
		{AB7F4E9C-8AD6-4534-A02A-778A08E1358E} = {74E87030-901D-4858-AE6E-C5004FDBFB17}
		{868F9DDE-37EB-4357-84CD-C77AC3F5DF7D} = {74E87030-901D-4858-AE6E-C5004FDBFB17}
	EndGlobalSection
	GlobalSection(ExtensibilityGlobals) = postSolution
		SolutionGuid = {548DEDF4-FB8E-429D-ACE5-8FAA71177947}
	EndGlobalSection
EndGlobal
