
Microsoft Visual Studio Solution File, Format Version 12.00
# Visual Studio Version 17
VisualStudioVersion = 17.0.31903.59
MinimumVisualStudioVersion = 10.0.40219.1
Project("{FAE04EC0-301F-11D3-BF4B-00C04F79EFBC}") = "TestabilityConsole", "TestabilityConsole\TestabilityConsole.csproj", "{A58EE6FF-52FD-468F-A23D-D6EB941BA7DD}"
EndProject
Project("{FAE04EC0-301F-11D3-BF4B-00C04F79EFBC}") = "Testability.Tests", "Testability.Tests\Testability.Tests.csproj", "{3879497A-2607-43DC-A156-096CB2F27367}"
EndProject
Global
	GlobalSection(SolutionConfigurationPlatforms) = preSolution
		Debug|Any CPU = Debug|Any CPU
		Release|Any CPU = Release|Any CPU
	EndGlobalSection
	GlobalSection(SolutionProperties) = preSolution
		HideSolutionNode = FALSE
	EndGlobalSection
	GlobalSection(ProjectConfigurationPlatforms) = postSolution
		{A58EE6FF-52FD-468F-A23D-D6EB941BA7DD}.Debug|Any CPU.ActiveCfg = Debug|Any CPU
		{A58EE6FF-52FD-468F-A23D-D6EB941BA7DD}.Debug|Any CPU.Build.0 = Debug|Any CPU
		{A58EE6FF-52FD-468F-A23D-D6EB941BA7DD}.Release|Any CPU.ActiveCfg = Release|Any CPU
		{A58EE6FF-52FD-468F-A23D-D6EB941BA7DD}.Release|Any CPU.Build.0 = Release|Any CPU
		{3879497A-2607-43DC-A156-096CB2F27367}.Debug|Any CPU.ActiveCfg = Debug|Any CPU
		{3879497A-2607-43DC-A156-096CB2F27367}.Debug|Any CPU.Build.0 = Debug|Any CPU
		{3879497A-2607-43DC-A156-096CB2F27367}.Release|Any CPU.ActiveCfg = Release|Any CPU
		{3879497A-2607-43DC-A156-096CB2F27367}.Release|Any CPU.Build.0 = Release|Any CPU
	EndGlobalSection
EndGlobal
