
Microsoft Visual Studio Solution File, Format Version 12.00
# Visual Studio Version 17
VisualStudioVersion = 17.11.35327.3
MinimumVisualStudioVersion = 10.0.40219.1
Project("{FAE04EC0-301F-11D3-BF4B-00C04F79EFBC}") = "CSharpAdvanced", "CSharpAdvanced\CSharpAdvanced.csproj", "{F36FC479-2E54-4CA4-BDF0-A6BE9567805D}"
EndProject
Global
	GlobalSection(SolutionConfigurationPlatforms) = preSolution
		Debug|Any CPU = Debug|Any CPU
		Release|Any CPU = Release|Any CPU
	EndGlobalSection
	GlobalSection(ProjectConfigurationPlatforms) = postSolution
		{F36FC479-2E54-4CA4-BDF0-A6BE9567805D}.Debug|Any CPU.ActiveCfg = Debug|Any CPU
		{F36FC479-2E54-4CA4-BDF0-A6BE9567805D}.Debug|Any CPU.Build.0 = Debug|Any CPU
		{F36FC479-2E54-4CA4-BDF0-A6BE9567805D}.Release|Any CPU.ActiveCfg = Release|Any CPU
		{F36FC479-2E54-4CA4-BDF0-A6BE9567805D}.Release|Any CPU.Build.0 = Release|Any CPU
	EndGlobalSection
	GlobalSection(SolutionProperties) = preSolution
		HideSolutionNode = FALSE
	EndGlobalSection
	GlobalSection(ExtensibilityGlobals) = postSolution
		SolutionGuid = {02984118-FB78-442D-9D95-CD35A159B168}
	EndGlobalSection
EndGlobal
